
Microsoft Visual Studio Solution File, Format Version 12.00
# Visual Studio Version 17
VisualStudioVersion = 17.13.35806.99 d17.13
MinimumVisualStudioVersion = 10.0.40219.1
Project("{9A19103F-16F7-4668-BE54-9A1E7A4F7556}") = "Inventory.WPF", "Inventory.WPF\Inventory.WPF.csproj", "{5286074C-1A47-4BB6-8DA8-BA7713915BA9}"
EndProject
Project("{2150E333-8FDC-42A3-9474-1A3956D46DE8}") = "Solution Items", "Solution Items", "{007736CE-F66D-4B21-8DCE-CE86D9FD5AB8}"
	ProjectSection(SolutionItems) = preProject
		.editorconfig = .editorconfig
		LICENSE.md = LICENSE.md
		README.md = README.md
	EndProjectSection
EndProject
Project("{D954291E-2A0B-460D-934E-DC6B0785DB48}") = "Inventory", "Inventory\Inventory.shproj", "{C45D8028-1523-4BA8-A433-A345E67A52DE}"
EndProject
Project("{8BC9CEB8-8B4A-11D0-8D11-00A0C91BC942}") = "Assets", "Assets\Assets.vcxitems", "{3B118FE6-B321-4DC0-BD36-31E1B338A338}"
EndProject
Global
	GlobalSection(SolutionConfigurationPlatforms) = preSolution
		Debug|Any CPU = Debug|Any CPU
		Debug|ARM = Debug|ARM
		Debug|ARM64 = Debug|ARM64
		Debug|x64 = Debug|x64
		Debug|x86 = Debug|x86
		NoUWP|Any CPU = NoUWP|Any CPU
		NoUWP|ARM = NoUWP|ARM
		NoUWP|ARM64 = NoUWP|ARM64
		NoUWP|x64 = NoUWP|x64
		NoUWP|x86 = NoUWP|x86
		Release|Any CPU = Release|Any CPU
		Release|ARM = Release|ARM
		Release|ARM64 = Release|ARM64
		Release|x64 = Release|x64
		Release|x86 = Release|x86
	EndGlobalSection
	GlobalSection(ProjectConfigurationPlatforms) = postSolution
		{5286074C-1A47-4BB6-8DA8-BA7713915BA9}.Debug|Any CPU.ActiveCfg = Debug|Any CPU
		{5286074C-1A47-4BB6-8DA8-BA7713915BA9}.Debug|Any CPU.Build.0 = Debug|Any CPU
		{5286074C-1A47-4BB6-8DA8-BA7713915BA9}.Debug|ARM.ActiveCfg = Debug|Any CPU
		{5286074C-1A47-4BB6-8DA8-BA7713915BA9}.Debug|ARM.Build.0 = Debug|Any CPU
		{5286074C-1A47-4BB6-8DA8-BA7713915BA9}.Debug|ARM64.ActiveCfg = Debug|Any CPU
		{5286074C-1A47-4BB6-8DA8-BA7713915BA9}.Debug|ARM64.Build.0 = Debug|Any CPU
		{5286074C-1A47-4BB6-8DA8-BA7713915BA9}.Debug|x64.ActiveCfg = Debug|Any CPU
		{5286074C-1A47-4BB6-8DA8-BA7713915BA9}.Debug|x64.Build.0 = Debug|Any CPU
		{5286074C-1A47-4BB6-8DA8-BA7713915BA9}.Debug|x86.ActiveCfg = Debug|Any CPU
		{5286074C-1A47-4BB6-8DA8-BA7713915BA9}.Debug|x86.Build.0 = Debug|Any CPU
		{5286074C-1A47-4BB6-8DA8-BA7713915BA9}.NoUWP|Any CPU.ActiveCfg = Debug|Any CPU
		{5286074C-1A47-4BB6-8DA8-BA7713915BA9}.NoUWP|Any CPU.Build.0 = Debug|Any CPU
		{5286074C-1A47-4BB6-8DA8-BA7713915BA9}.NoUWP|ARM.ActiveCfg = NoUWP|Any CPU
		{5286074C-1A47-4BB6-8DA8-BA7713915BA9}.NoUWP|ARM.Build.0 = NoUWP|Any CPU
		{5286074C-1A47-4BB6-8DA8-BA7713915BA9}.NoUWP|ARM64.ActiveCfg = NoUWP|Any CPU
		{5286074C-1A47-4BB6-8DA8-BA7713915BA9}.NoUWP|ARM64.Build.0 = NoUWP|Any CPU
		{5286074C-1A47-4BB6-8DA8-BA7713915BA9}.NoUWP|x64.ActiveCfg = NoUWP|Any CPU
		{5286074C-1A47-4BB6-8DA8-BA7713915BA9}.NoUWP|x64.Build.0 = NoUWP|Any CPU
		{5286074C-1A47-4BB6-8DA8-BA7713915BA9}.NoUWP|x86.ActiveCfg = NoUWP|Any CPU
		{5286074C-1A47-4BB6-8DA8-BA7713915BA9}.NoUWP|x86.Build.0 = NoUWP|Any CPU
		{5286074C-1A47-4BB6-8DA8-BA7713915BA9}.Release|Any CPU.ActiveCfg = Release|Any CPU
		{5286074C-1A47-4BB6-8DA8-BA7713915BA9}.Release|Any CPU.Build.0 = Release|Any CPU
		{5286074C-1A47-4BB6-8DA8-BA7713915BA9}.Release|ARM.ActiveCfg = Release|Any CPU
		{5286074C-1A47-4BB6-8DA8-BA7713915BA9}.Release|ARM.Build.0 = Release|Any CPU
		{5286074C-1A47-4BB6-8DA8-BA7713915BA9}.Release|ARM64.ActiveCfg = Release|Any CPU
		{5286074C-1A47-4BB6-8DA8-BA7713915BA9}.Release|ARM64.Build.0 = Release|Any CPU
		{5286074C-1A47-4BB6-8DA8-BA7713915BA9}.Release|x64.ActiveCfg = Release|Any CPU
		{5286074C-1A47-4BB6-8DA8-BA7713915BA9}.Release|x64.Build.0 = Release|Any CPU
		{5286074C-1A47-4BB6-8DA8-BA7713915BA9}.Release|x86.ActiveCfg = Release|Any CPU
		{5286074C-1A47-4BB6-8DA8-BA7713915BA9}.Release|x86.Build.0 = Release|Any CPU
	EndGlobalSection
	GlobalSection(SolutionProperties) = preSolution
		HideSolutionNode = FALSE
	EndGlobalSection
	GlobalSection(ExtensibilityGlobals) = postSolution
		SolutionGuid = {93A7BEEB-26B5-46D0-92F0-62C5BDD0582E}
	EndGlobalSection
	GlobalSection(SharedMSBuildProjectFiles) = preSolution
		Assets\Assets.vcxitems*{3b118fe6-b321-4dc0-bd36-31e1b338a338}*SharedItemsImports = 9
		Inventory\Inventory.projitems*{5286074c-1a47-4bb6-8da8-ba7713915ba9}*SharedItemsImports = 5
		Inventory\Inventory.projitems*{c45d8028-1523-4ba8-a433-a345e67a52de}*SharedItemsImports = 13
	EndGlobalSection
EndGlobal
